Microsoft Visual Studio Solution File, Format Version 12.00
# Visual Studio 2012
Project("{FAE04EC0-301F-11D3-BF4B-00C04F79EFBC}") = "Catch Me If You Can", "Catch Me If You Can.csproj", "{FC569609-8407-4B6E-8FEB-58BB898B7972}"
EndProject
Global
	GlobalSection(SolutionConfigurationPlatforms) = preSolution
	Debug|Any CPU = Debug|Any CPU
	ExportDebug|Any CPU = ExportDebug|Any CPU
	ExportRelease|Any CPU = ExportRelease|Any CPU
	EndGlobalSection
	GlobalSection(ProjectConfigurationPlatforms) = postSolution
		{FC569609-8407-4B6E-8FEB-58BB898B7972}.Debug|Any CPU.ActiveCfg = Debug|Any CPU
		{FC569609-8407-4B6E-8FEB-58BB898B7972}.Debug|Any CPU.Build.0 = Debug|Any CPU
		{FC569609-8407-4B6E-8FEB-58BB898B7972}.ExportDebug|Any CPU.ActiveCfg = ExportDebug|Any CPU
		{FC569609-8407-4B6E-8FEB-58BB898B7972}.ExportDebug|Any CPU.Build.0 = ExportDebug|Any CPU
		{FC569609-8407-4B6E-8FEB-58BB898B7972}.ExportRelease|Any CPU.ActiveCfg = ExportRelease|Any CPU
		{FC569609-8407-4B6E-8FEB-58BB898B7972}.ExportRelease|Any CPU.Build.0 = ExportRelease|Any CPU
	EndGlobalSection
EndGlobal
